
Microsoft Visual Studio Solution File, Format Version 12.00
# Visual Studio Version 17
VisualStudioVersion = 17.3.32825.248
MinimumVisualStudioVersion = 10.0.40219.1
Project("{FAE04EC0-301F-11D3-BF4B-00C04F79EFBC}") = "FFPT_Project.API", "FFPT_Project.API\FFPT_Project.API.csproj", "{5D1A506C-E2CE-4528-8A75-C22B59983702}"
EndProject
Project("{FAE04EC0-301F-11D3-BF4B-00C04F79EFBC}") = "FFPT_Project.Data", "FFPT_Project.Data\FFPT_Project.Data.csproj", "{67AE3E1A-AC21-441E-B8A3-B8C3384C12EA}"
EndProject
Project("{FAE04EC0-301F-11D3-BF4B-00C04F79EFBC}") = "FFPT_Project.Service", "FFPt_Project.Service\FFPT_Project.Service.csproj", "{19E148A0-B204-42EB-BDFD-72147D8C147A}"
EndProject
Global
	GlobalSection(SolutionConfigurationPlatforms) = preSolution
		Debug|Any CPU = Debug|Any CPU
		Release|Any CPU = Release|Any CPU
	EndGlobalSection
	GlobalSection(ProjectConfigurationPlatforms) = postSolution
		{5D1A506C-E2CE-4528-8A75-C22B59983702}.Debug|Any CPU.ActiveCfg = Debug|Any CPU
		{5D1A506C-E2CE-4528-8A75-C22B59983702}.Debug|Any CPU.Build.0 = Debug|Any CPU
		{5D1A506C-E2CE-4528-8A75-C22B59983702}.Release|Any CPU.ActiveCfg = Release|Any CPU
		{5D1A506C-E2CE-4528-8A75-C22B59983702}.Release|Any CPU.Build.0 = Release|Any CPU
		{67AE3E1A-AC21-441E-B8A3-B8C3384C12EA}.Debug|Any CPU.ActiveCfg = Debug|Any CPU
		{67AE3E1A-AC21-441E-B8A3-B8C3384C12EA}.Debug|Any CPU.Build.0 = Debug|Any CPU
		{67AE3E1A-AC21-441E-B8A3-B8C3384C12EA}.Release|Any CPU.ActiveCfg = Release|Any CPU
		{67AE3E1A-AC21-441E-B8A3-B8C3384C12EA}.Release|Any CPU.Build.0 = Release|Any CPU
		{19E148A0-B204-42EB-BDFD-72147D8C147A}.Debug|Any CPU.ActiveCfg = Debug|Any CPU
		{19E148A0-B204-42EB-BDFD-72147D8C147A}.Debug|Any CPU.Build.0 = Debug|Any CPU
		{19E148A0-B204-42EB-BDFD-72147D8C147A}.Release|Any CPU.ActiveCfg = Release|Any CPU
		{19E148A0-B204-42EB-BDFD-72147D8C147A}.Release|Any CPU.Build.0 = Release|Any CPU
	EndGlobalSection
	GlobalSection(SolutionProperties) = preSolution
		HideSolutionNode = FALSE
	EndGlobalSection
	GlobalSection(ExtensibilityGlobals) = postSolution
		SolutionGuid = {2B351518-05EB-4D5F-8E10-B4EF4E200E45}
	EndGlobalSection
EndGlobal
